// !$*UTF8*$!
{
	archiveVersion = 1;
	classes = {
	};
	objectVersion = 46;
	objects = {

/* Begin PBXBuildFile section */
		0411D1F61E165E9A0054951B /* RBAppContext.m in Sources */ = {isa = PBXBuildFile; fileRef = 0411D1F51E165E9A0054951B /* RBAppContext.m */; };
		0428982C1E1E3F9A0015258D /* RBSearchNovel.m in Sources */ = {isa = PBXBuildFile; fileRef = 0428982A1E1E3F9A0015258D /* RBSearchNovel.m */; };
		0428982D1E1E3F9A0015258D /* RBSearchNovel.xib in Resources */ = {isa = PBXBuildFile; fileRef = 0428982B1E1E3F9A0015258D /* RBSearchNovel.xib */; };
		042898381E1E567E0015258D /* RBNovelParticularsVC.m in Sources */ = {isa = PBXBuildFile; fileRef = 042898361E1E567E0015258D /* RBNovelParticularsVC.m */; };
		042898391E1E567E0015258D /* RBNovelParticularsVC.xib in Resources */ = {isa = PBXBuildFile; fileRef = 042898371E1E567E0015258D /* RBNovelParticularsVC.xib */; };
		0455D0001E1B853A000AC9F0 /* RBBook.m in Sources */ = {isa = PBXBuildFile; fileRef = 0455CFFF1E1B853A000AC9F0 /* RBBook.m */; };
		0455D0041E1B8CE0000AC9F0 /* NSObject+RBRuntime.m in Sources */ = {isa = PBXBuildFile; fileRef = 0455D0031E1B8CE0000AC9F0 /* NSObject+RBRuntime.m */; };
		0455D0101E1BA6BE000AC9F0 /* RBSearchBookCell.m in Sources */ = {isa = PBXBuildFile; fileRef = 0455D00E1E1BA6BE000AC9F0 /* RBSearchBookCell.m */; };
		0455D0111E1BA6BE000AC9F0 /* RBSearchBookCell.xib in Resources */ = {isa = PBXBuildFile; fileRef = 0455D00F1E1BA6BE000AC9F0 /* RBSearchBookCell.xib */; };
		04861D571E2615B300A09DE1 /* RBReadNovelVC.m in Sources */ = {isa = PBXBuildFile; fileRef = 04861D561E2615B300A09DE1 /* RBReadNovelVC.m */; };
		04861D5A1E26383200A09DE1 /* RBChapter.m in Sources */ = {isa = PBXBuildFile; fileRef = 04861D591E26383200A09DE1 /* RBChapter.m */; };
		04DACB671E0D165A00D47DC6 /* RBBaseNavigationController.m in Sources */ = {isa = PBXBuildFile; fileRef = 04DACB661E0D165A00D47DC6 /* RBBaseNavigationController.m */; };
		04E83E421E1CF44B006ED271 /* RBNovel.m in Sources */ = {isa = PBXBuildFile; fileRef = 04E83E411E1CF44B006ED271 /* RBNovel.m */; };
		95A9D8049738F9F67FC3AB0B /* libPods-ReadBook.a in Frameworks */ = {isa = PBXBuildFile; fileRef = 6882AD769D0A1CDC93DB523E /* libPods-ReadBook.a */; };
		DD8552851E2B2625007AC40E /* RBAddOneStock.m in Sources */ = {isa = PBXBuildFile; fileRef = DD8552831E2B2625007AC40E /* RBAddOneStock.m */; };
		DD8552861E2B2625007AC40E /* RBAddOneStock.xib in Resources */ = {isa = PBXBuildFile; fileRef = DD8552841E2B2625007AC40E /* RBAddOneStock.xib */; };
		DD85528A1E2B32CE007AC40E /* RBAddStockCell.m in Sources */ = {isa = PBXBuildFile; fileRef = DD8552881E2B32CE007AC40E /* RBAddStockCell.m */; };
		DD85528B1E2B32CE007AC40E /* RBAddStockCell.xib in Resources */ = {isa = PBXBuildFile; fileRef = DD8552891E2B32CE007AC40E /* RBAddStockCell.xib */; };
		DD85528E1E2B34E4007AC40E /* NSArray+RBArray.m in Sources */ = {isa = PBXBuildFile; fileRef = DD85528D1E2B34E4007AC40E /* NSArray+RBArray.m */; };
		DD8552911E2B64D6007AC40E /* NSNumber+RBNumber.m in Sources */ = {isa = PBXBuildFile; fileRef = DD8552901E2B64D6007AC40E /* NSNumber+RBNumber.m */; };
		DDD8BF861E179382000E10F7 /* RBTabBarController.m in Sources */ = {isa = PBXBuildFile; fileRef = DDD8BF851E179382000E10F7 /* RBTabBarController.m */; };
		DDD8BF991E179649000E10F7 /* RBStockVC.m in Sources */ = {isa = PBXBuildFile; fileRef = DDD8BF971E179649000E10F7 /* RBStockVC.m */; };
		DDD8BF9A1E179649000E10F7 /* RBStockVC.xib in Resources */ = {isa = PBXBuildFile; fileRef = DDD8BF981E179649000E10F7 /* RBStockVC.xib */; };
		DDD8BF9E1E17966A000E10F7 /* RBNovelVC.m in Sources */ = {isa = PBXBuildFile; fileRef = DDD8BF9C1E17966A000E10F7 /* RBNovelVC.m */; };
		DDD8BF9F1E17966A000E10F7 /* RBNovelVC.xib in Resources */ = {isa = PBXBuildFile; fileRef = DDD8BF9D1E17966A000E10F7 /* RBNovelVC.xib */; };
		DDD8BFA41E17990F000E10F7 /* Localizable.strings in Resources */ = {isa = PBXBuildFile; fileRef = DDD8BFA31E17990F000E10F7 /* Localizable.strings */; };
		DDF162B41E22106A00E46868 /* RBStock.m in Sources */ = {isa = PBXBuildFile; fileRef = DDF162B31E22106A00E46868 /* RBStock.m */; };
		DDF162BA1E22181400E46868 /* NSDate+RBDate.m in Sources */ = {isa = PBXBuildFile; fileRef = DDF162B91E22181400E46868 /* NSDate+RBDate.m */; };
		DDF162BD1E221D4300E46868 /* RBStockDetail.m in Sources */ = {isa = PBXBuildFile; fileRef = DDF162BC1E221D4300E46868 /* RBStockDetail.m */; };
		DDF162C11E22288E00E46868 /* RBStockEditView.m in Sources */ = {isa = PBXBuildFile; fileRef = DDF162C01E22288E00E46868 /* RBStockEditView.m */; };
		DDF162C41E22297E00E46868 /* UIView+RBFrame.m in Sources */ = {isa = PBXBuildFile; fileRef = DDF162C31E22297E00E46868 /* UIView+RBFrame.m */; };
		DDF162C71E2245E600E46868 /* NSString+RBSandBoxPath.m in Sources */ = {isa = PBXBuildFile; fileRef = DDF162C61E2245E600E46868 /* NSString+RBSandBoxPath.m */; };
		DDF642B81E07E8DA00B2EA1B /* main.m in Sources */ = {isa = PBXBuildFile; fileRef = DDF642B71E07E8DA00B2EA1B /* main.m */; };
		DDF642BB1E07E8DA00B2EA1B /* AppDelegate.m in Sources */ = {isa = PBXBuildFile; fileRef = DDF642BA1E07E8DA00B2EA1B /* AppDelegate.m */; };
		DDF642C31E07E8DA00B2EA1B /* Assets.xcassets in Resources */ = {isa = PBXBuildFile; fileRef = DDF642C21E07E8DA00B2EA1B /* Assets.xcassets */; };
		DDF642C61E07E8DA00B2EA1B /* LaunchScreen.storyboard in Resources */ = {isa = PBXBuildFile; fileRef = DDF642C41E07E8DA00B2EA1B /* LaunchScreen.storyboard */; };
/* End PBXBuildFile section */

/* Begin PBXFileReference section */
		0411D1F41E165E9A0054951B /* RBAppContext.h */ = {isa = PBXFileReference; fileEncoding = 4; lastKnownFileType = sourcecode.c.h; name = RBAppContext.h; path = AppContext/RBAppContext.h; sourceTree = "<group>"; };
		0411D1F51E165E9A0054951B /* RBAppContext.m */ = {isa = PBXFileReference; fileEncoding = 4; lastKnownFileType = sourcecode.c.objc; name = RBAppContext.m; path = AppContext/RBAppContext.m; sourceTree = "<group>"; };
		042898291E1E3F9A0015258D /* RBSearchNovel.h */ = {isa = PBXFileReference; fileEncoding = 4; lastKnownFileType = sourcecode.c.h; path = RBSearchNovel.h; sourceTree = "<group>"; };
		0428982A1E1E3F9A0015258D /* RBSearchNovel.m */ = {isa = PBXFileReference; fileEncoding = 4; lastKnownFileType = sourcecode.c.objc; path = RBSearchNovel.m; sourceTree = "<group>"; };
		0428982B1E1E3F9A0015258D /* RBSearchNovel.xib */ = {isa = PBXFileReference; fileEncoding = 4; lastKnownFileType = file.xib; path = RBSearchNovel.xib; sourceTree = "<group>"; };
		042898351E1E567E0015258D /* RBNovelParticularsVC.h */ = {isa = PBXFileReference; fileEncoding = 4; lastKnownFileType = sourcecode.c.h; path = RBNovelParticularsVC.h; sourceTree = "<group>"; };
		042898361E1E567E0015258D /* RBNovelParticularsVC.m */ = {isa = PBXFileReference; fileEncoding = 4; lastKnownFileType = sourcecode.c.objc; path = RBNovelParticularsVC.m; sourceTree = "<group>"; };
		042898371E1E567E0015258D /* RBNovelParticularsVC.xib */ = {isa = PBXFileReference; fileEncoding = 4; lastKnownFileType = file.xib; path = RBNovelParticularsVC.xib; sourceTree = "<group>"; };
		0455CFFE1E1B853A000AC9F0 /* RBBook.h */ = {isa = PBXFileReference; fileEncoding = 4; lastKnownFileType = sourcecode.c.h; path = RBBook.h; sourceTree = "<group>"; };
		0455CFFF1E1B853A000AC9F0 /* RBBook.m */ = {isa = PBXFileReference; fileEncoding = 4; lastKnownFileType = sourcecode.c.objc; path = RBBook.m; sourceTree = "<group>"; };
		0455D0021E1B8CE0000AC9F0 /* NSObject+RBRuntime.h */ = {isa = PBXFileReference; fileEncoding = 4; lastKnownFileType = sourcecode.c.h; path = "NSObject+RBRuntime.h"; sourceTree = "<group>"; };
		0455D0031E1B8CE0000AC9F0 /* NSObject+RBRuntime.m */ = {isa = PBXFileReference; fileEncoding = 4; lastKnownFileType = sourcecode.c.objc; path = "NSObject+RBRuntime.m"; sourceTree = "<group>"; };
		0455D00D1E1BA6BE000AC9F0 /* RBSearchBookCell.h */ = {isa = PBXFileReference; fileEncoding = 4; lastKnownFileType = sourcecode.c.h; path = RBSearchBookCell.h; sourceTree = "<group>"; };
		0455D00E1E1BA6BE000AC9F0 /* RBSearchBookCell.m */ = {isa = PBXFileReference; fileEncoding = 4; lastKnownFileType = sourcecode.c.objc; path = RBSearchBookCell.m; sourceTree = "<group>"; };
		0455D00F1E1BA6BE000AC9F0 /* RBSearchBookCell.xib */ = {isa = PBXFileReference; fileEncoding = 4; lastKnownFileType = file.xib; path = RBSearchBookCell.xib; sourceTree = "<group>"; };
		04861D551E2615B300A09DE1 /* RBReadNovelVC.h */ = {isa = PBXFileReference; fileEncoding = 4; lastKnownFileType = sourcecode.c.h; path = RBReadNovelVC.h; sourceTree = "<group>"; };
		04861D561E2615B300A09DE1 /* RBReadNovelVC.m */ = {isa = PBXFileReference; fileEncoding = 4; lastKnownFileType = sourcecode.c.objc; path = RBReadNovelVC.m; sourceTree = "<group>"; };
		04861D581E26383200A09DE1 /* RBChapter.h */ = {isa = PBXFileReference; fileEncoding = 4; lastKnownFileType = sourcecode.c.h; path = RBChapter.h; sourceTree = "<group>"; };
		04861D591E26383200A09DE1 /* RBChapter.m */ = {isa = PBXFileReference; fileEncoding = 4; lastKnownFileType = sourcecode.c.objc; path = RBChapter.m; sourceTree = "<group>"; };
		04DACB651E0D165A00D47DC6 /* RBBaseNavigationController.h */ = {isa = PBXFileReference; fileEncoding = 4; lastKnownFileType = sourcecode.c.h; path = RBBaseNavigationController.h; sourceTree = "<group>"; };
		04DACB661E0D165A00D47DC6 /* RBBaseNavigationController.m */ = {isa = PBXFileReference; fileEncoding = 4; lastKnownFileType = sourcecode.c.objc; path = RBBaseNavigationController.m; sourceTree = "<group>"; };
		04DEC1241E124ED20052522A /* PrefixHeader.pch */ = {isa = PBXFileReference; lastKnownFileType = sourcecode.c.h; path = PrefixHeader.pch; sourceTree = "<group>"; };
		04E83E401E1CF44B006ED271 /* RBNovel.h */ = {isa = PBXFileReference; fileEncoding = 4; lastKnownFileType = sourcecode.c.h; path = RBNovel.h; sourceTree = "<group>"; };
		04E83E411E1CF44B006ED271 /* RBNovel.m */ = {isa = PBXFileReference; fileEncoding = 4; lastKnownFileType = sourcecode.c.objc; path = RBNovel.m; sourceTree = "<group>"; };
		6882AD769D0A1CDC93DB523E /* libPods-ReadBook.a */ = {isa = PBXFileReference; explicitFileType = archive.ar; includeInIndex = 0; path = "libPods-ReadBook.a"; sourceTree = BUILT_PRODUCTS_DIR; };
		9BAA9FA642AF66BCA4D35C9B /* Pods-ReadBook.debug.xcconfig */ = {isa = PBXFileReference; includeInIndex = 1; lastKnownFileType = text.xcconfig; name = "Pods-ReadBook.debug.xcconfig"; path = "Pods/Target Support Files/Pods-ReadBook/Pods-ReadBook.debug.xcconfig"; sourceTree = "<group>"; };
		C17E82C2B2CC83862C6AB19F /* Pods-ReadBook.release.xcconfig */ = {isa = PBXFileReference; includeInIndex = 1; lastKnownFileType = text.xcconfig; name = "Pods-ReadBook.release.xcconfig"; path = "Pods/Target Support Files/Pods-ReadBook/Pods-ReadBook.release.xcconfig"; sourceTree = "<group>"; };
		DD8552821E2B2625007AC40E /* RBAddOneStock.h */ = {isa = PBXFileReference; fileEncoding = 4; lastKnownFileType = sourcecode.c.h; path = RBAddOneStock.h; sourceTree = "<group>"; };
		DD8552831E2B2625007AC40E /* RBAddOneStock.m */ = {isa = PBXFileReference; fileEncoding = 4; lastKnownFileType = sourcecode.c.objc; path = RBAddOneStock.m; sourceTree = "<group>"; };
		DD8552841E2B2625007AC40E /* RBAddOneStock.xib */ = {isa = PBXFileReference; fileEncoding = 4; lastKnownFileType = file.xib; path = RBAddOneStock.xib; sourceTree = "<group>"; };
		DD8552871E2B32CE007AC40E /* RBAddStockCell.h */ = {isa = PBXFileReference; fileEncoding = 4; lastKnownFileType = sourcecode.c.h; path = RBAddStockCell.h; sourceTree = "<group>"; };
		DD8552881E2B32CE007AC40E /* RBAddStockCell.m */ = {isa = PBXFileReference; fileEncoding = 4; lastKnownFileType = sourcecode.c.objc; path = RBAddStockCell.m; sourceTree = "<group>"; };
		DD8552891E2B32CE007AC40E /* RBAddStockCell.xib */ = {isa = PBXFileReference; fileEncoding = 4; lastKnownFileType = file.xib; path = RBAddStockCell.xib; sourceTree = "<group>"; };
		DD85528C1E2B34E4007AC40E /* NSArray+RBArray.h */ = {isa = PBXFileReference; fileEncoding = 4; lastKnownFileType = sourcecode.c.h; path = "NSArray+RBArray.h"; sourceTree = "<group>"; };
		DD85528D1E2B34E4007AC40E /* NSArray+RBArray.m */ = {isa = PBXFileReference; fileEncoding = 4; lastKnownFileType = sourcecode.c.objc; path = "NSArray+RBArray.m"; sourceTree = "<group>"; };
		DD85528F1E2B64D6007AC40E /* NSNumber+RBNumber.h */ = {isa = PBXFileReference; fileEncoding = 4; lastKnownFileType = sourcecode.c.h; path = "NSNumber+RBNumber.h"; sourceTree = "<group>"; };
		DD8552901E2B64D6007AC40E /* NSNumber+RBNumber.m */ = {isa = PBXFileReference; fileEncoding = 4; lastKnownFileType = sourcecode.c.objc; path = "NSNumber+RBNumber.m"; sourceTree = "<group>"; };
		DDD8BF841E179382000E10F7 /* RBTabBarController.h */ = {isa = PBXFileReference; fileEncoding = 4; lastKnownFileType = sourcecode.c.h; path = RBTabBarController.h; sourceTree = "<group>"; };
		DDD8BF851E179382000E10F7 /* RBTabBarController.m */ = {isa = PBXFileReference; fileEncoding = 4; lastKnownFileType = sourcecode.c.objc; lineEnding = 0; path = RBTabBarController.m; sourceTree = "<group>"; };
		DDD8BF881E179431000E10F7 /* RBDefines.h */ = {isa = PBXFileReference; fileEncoding = 4; lastKnownFileType = sourcecode.c.h; path = RBDefines.h; sourceTree = "<group>"; };
		DDD8BF891E179431000E10F7 /* RBHelperDefines.h */ = {isa = PBXFileReference; fileEncoding = 4; lastKnownFileType = sourcecode.c.h; path = RBHelperDefines.h; sourceTree = "<group>"; };
		DDD8BF961E179649000E10F7 /* RBStockVC.h */ = {isa = PBXFileReference; fileEncoding = 4; lastKnownFileType = sourcecode.c.h; path = RBStockVC.h; sourceTree = "<group>"; };
		DDD8BF971E179649000E10F7 /* RBStockVC.m */ = {isa = PBXFileReference; fileEncoding = 4; lastKnownFileType = sourcecode.c.objc; path = RBStockVC.m; sourceTree = "<group>"; };
		DDD8BF981E179649000E10F7 /* RBStockVC.xib */ = {isa = PBXFileReference; fileEncoding = 4; lastKnownFileType = file.xib; path = RBStockVC.xib; sourceTree = "<group>"; };
		DDD8BF9B1E17966A000E10F7 /* RBNovelVC.h */ = {isa = PBXFileReference; fileEncoding = 4; lastKnownFileType = sourcecode.c.h; path = RBNovelVC.h; sourceTree = "<group>"; };
		DDD8BF9C1E17966A000E10F7 /* RBNovelVC.m */ = {isa = PBXFileReference; fileEncoding = 4; lastKnownFileType = sourcecode.c.objc; path = RBNovelVC.m; sourceTree = "<group>"; };
		DDD8BF9D1E17966A000E10F7 /* RBNovelVC.xib */ = {isa = PBXFileReference; fileEncoding = 4; lastKnownFileType = file.xib; path = RBNovelVC.xib; sourceTree = "<group>"; };
		DDD8BFA01E1796AE000E10F7 /* RBDesignDefines.h */ = {isa = PBXFileReference; fileEncoding = 4; lastKnownFileType = sourcecode.c.h; path = RBDesignDefines.h; sourceTree = "<group>"; };
		DDD8BFA31E17990F000E10F7 /* Localizable.strings */ = {isa = PBXFileReference; fileEncoding = 4; lastKnownFileType = text.plist.strings; path = Localizable.strings; sourceTree = "<group>"; };
		DDF162B21E22106A00E46868 /* RBStock.h */ = {isa = PBXFileReference; fileEncoding = 4; lastKnownFileType = sourcecode.c.h; path = RBStock.h; sourceTree = "<group>"; };
		DDF162B31E22106A00E46868 /* RBStock.m */ = {isa = PBXFileReference; fileEncoding = 4; lastKnownFileType = sourcecode.c.objc; path = RBStock.m; sourceTree = "<group>"; };
		DDF162B81E22181400E46868 /* NSDate+RBDate.h */ = {isa = PBXFileReference; fileEncoding = 4; lastKnownFileType = sourcecode.c.h; path = "NSDate+RBDate.h"; sourceTree = "<group>"; };
		DDF162B91E22181400E46868 /* NSDate+RBDate.m */ = {isa = PBXFileReference; fileEncoding = 4; lastKnownFileType = sourcecode.c.objc; path = "NSDate+RBDate.m"; sourceTree = "<group>"; };
		DDF162BB1E221D4300E46868 /* RBStockDetail.h */ = {isa = PBXFileReference; fileEncoding = 4; lastKnownFileType = sourcecode.c.h; path = RBStockDetail.h; sourceTree = "<group>"; };
		DDF162BC1E221D4300E46868 /* RBStockDetail.m */ = {isa = PBXFileReference; fileEncoding = 4; lastKnownFileType = sourcecode.c.objc; path = RBStockDetail.m; sourceTree = "<group>"; };
		DDF162BF1E22288E00E46868 /* RBStockEditView.h */ = {isa = PBXFileReference; fileEncoding = 4; lastKnownFileType = sourcecode.c.h; path = RBStockEditView.h; sourceTree = "<group>"; };
		DDF162C01E22288E00E46868 /* RBStockEditView.m */ = {isa = PBXFileReference; fileEncoding = 4; lastKnownFileType = sourcecode.c.objc; path = RBStockEditView.m; sourceTree = "<group>"; };
		DDF162C21E22297E00E46868 /* UIView+RBFrame.h */ = {isa = PBXFileReference; fileEncoding = 4; lastKnownFileType = sourcecode.c.h; path = "UIView+RBFrame.h"; sourceTree = "<group>"; };
		DDF162C31E22297E00E46868 /* UIView+RBFrame.m */ = {isa = PBXFileReference; fileEncoding = 4; lastKnownFileType = sourcecode.c.objc; path = "UIView+RBFrame.m"; sourceTree = "<group>"; };
		DDF162C51E2245E600E46868 /* NSString+RBSandBoxPath.h */ = {isa = PBXFileReference; fileEncoding = 4; lastKnownFileType = sourcecode.c.h; path = "NSString+RBSandBoxPath.h"; sourceTree = "<group>"; };
		DDF162C61E2245E600E46868 /* NSString+RBSandBoxPath.m */ = {isa = PBXFileReference; fileEncoding = 4; lastKnownFileType = sourcecode.c.objc; path = "NSString+RBSandBoxPath.m"; sourceTree = "<group>"; };
		DDF642B31E07E8DA00B2EA1B /* ReadBook.app */ = {isa = PBXFileReference; explicitFileType = wrapper.application; includeInIndex = 0; path = ReadBook.app; sourceTree = BUILT_PRODUCTS_DIR; };
		DDF642B71E07E8DA00B2EA1B /* main.m */ = {isa = PBXFileReference; lastKnownFileType = sourcecode.c.objc; path = main.m; sourceTree = "<group>"; };
		DDF642B91E07E8DA00B2EA1B /* AppDelegate.h */ = {isa = PBXFileReference; lastKnownFileType = sourcecode.c.h; path = AppDelegate.h; sourceTree = "<group>"; };
		DDF642BA1E07E8DA00B2EA1B /* AppDelegate.m */ = {isa = PBXFileReference; lastKnownFileType = sourcecode.c.objc; path = AppDelegate.m; sourceTree = "<group>"; };
		DDF642C21E07E8DA00B2EA1B /* Assets.xcassets */ = {isa = PBXFileReference; lastKnownFileType = folder.assetcatalog; path = Assets.xcassets; sourceTree = "<group>"; };
		DDF642C51E07E8DA00B2EA1B /* Base */ = {isa = PBXFileReference; lastKnownFileType = file.storyboard; name = Base; path = Base.lproj/LaunchScreen.storyboard; sourceTree = "<group>"; };
		DDF642C71E07E8DA00B2EA1B /* Info.plist */ = {isa = PBXFileReference; lastKnownFileType = text.plist.xml; path = Info.plist; sourceTree = "<group>"; };
/* End PBXFileReference section */

/* Begin PBXFrameworksBuildPhase section */
		DDF642B01E07E8DA00B2EA1B /* Frameworks */ = {
			isa = PBXFrameworksBuildPhase;
			buildActionMask = 2147483647;
			files = (
				95A9D8049738F9F67FC3AB0B /* libPods-ReadBook.a in Frameworks */,
			);
			runOnlyForDeploymentPostprocessing = 0;
		};
/* End PBXFrameworksBuildPhase section */

/* Begin PBXGroup section */
		042898251E1E3EE10015258D /* SearchNovel */ = {
			isa = PBXGroup;
			children = (
				0428982F1E1E55CD0015258D /* NovelParticulars */,
				042898291E1E3F9A0015258D /* RBSearchNovel.h */,
				0428982A1E1E3F9A0015258D /* RBSearchNovel.m */,
				0428982B1E1E3F9A0015258D /* RBSearchNovel.xib */,
			);
			path = SearchNovel;
			sourceTree = "<group>";
		};
		0428982F1E1E55CD0015258D /* NovelParticulars */ = {
			isa = PBXGroup;
			children = (
				042898351E1E567E0015258D /* RBNovelParticularsVC.h */,
				042898361E1E567E0015258D /* RBNovelParticularsVC.m */,
				042898371E1E567E0015258D /* RBNovelParticularsVC.xib */,
			);
			path = NovelParticulars;
			sourceTree = "<group>";
		};
		0455CFFD1E1B848B000AC9F0 /* Book */ = {
			isa = PBXGroup;
			children = (
				0455CFFE1E1B853A000AC9F0 /* RBBook.h */,
				0455CFFF1E1B853A000AC9F0 /* RBBook.m */,
				04E83E401E1CF44B006ED271 /* RBNovel.h */,
				04E83E411E1CF44B006ED271 /* RBNovel.m */,
				04861D581E26383200A09DE1 /* RBChapter.h */,
				04861D591E26383200A09DE1 /* RBChapter.m */,
			);
			path = Book;
			sourceTree = "<group>";
		};
		0455D0011E1B8C14000AC9F0 /* Categories */ = {
			isa = PBXGroup;
			children = (
				0455D0021E1B8CE0000AC9F0 /* NSObject+RBRuntime.h */,
				0455D0031E1B8CE0000AC9F0 /* NSObject+RBRuntime.m */,
				DDF162B81E22181400E46868 /* NSDate+RBDate.h */,
				DDF162B91E22181400E46868 /* NSDate+RBDate.m */,
				DDF162C21E22297E00E46868 /* UIView+RBFrame.h */,
				DDF162C31E22297E00E46868 /* UIView+RBFrame.m */,
				DDF162C51E2245E600E46868 /* NSString+RBSandBoxPath.h */,
				DDF162C61E2245E600E46868 /* NSString+RBSandBoxPath.m */,
				DD85528C1E2B34E4007AC40E /* NSArray+RBArray.h */,
				DD85528D1E2B34E4007AC40E /* NSArray+RBArray.m */,
				DD85528F1E2B64D6007AC40E /* NSNumber+RBNumber.h */,
				DD8552901E2B64D6007AC40E /* NSNumber+RBNumber.m */,
			);
			path = Categories;
			sourceTree = "<group>";
		};
		0455D0091E1BA614000AC9F0 /* TableView */ = {
			isa = PBXGroup;
			children = (
				0455D00D1E1BA6BE000AC9F0 /* RBSearchBookCell.h */,
				0455D00E1E1BA6BE000AC9F0 /* RBSearchBookCell.m */,
				0455D00F1E1BA6BE000AC9F0 /* RBSearchBookCell.xib */,
				DD8552871E2B32CE007AC40E /* RBAddStockCell.h */,
				DD8552881E2B32CE007AC40E /* RBAddStockCell.m */,
				DD8552891E2B32CE007AC40E /* RBAddStockCell.xib */,
			);
			path = TableView;
			sourceTree = "<group>";
		};
		04861D541E26133600A09DE1 /* ReadNovel */ = {
			isa = PBXGroup;
			children = (
				04861D551E2615B300A09DE1 /* RBReadNovelVC.h */,
				04861D561E2615B300A09DE1 /* RBReadNovelVC.m */,
			);
			path = ReadNovel;
			sourceTree = "<group>";
		};
		04DAC9691E0D063500D47DC6 /* Utils */ = {
			isa = PBXGroup;
			children = (
				DDD8BF871E179414000E10F7 /* Defines */,
				0455D0011E1B8C14000AC9F0 /* Categories */,
			);
			path = Utils;
			sourceTree = "<group>";
		};
		04DAC96E1E0D0D2100D47DC6 /* Controllers */ = {
			isa = PBXGroup;
			children = (
				DDD8BF8B1E179526000E10F7 /* Stock */,
				DDD8BF8A1E17951A000E10F7 /* Novel */,
				04DACB5F1E0D160500D47DC6 /* Base */,
			);
			path = Controllers;
			sourceTree = "<group>";
		};
		04DAC96F1E0D0D2C00D47DC6 /* Models */ = {
			isa = PBXGroup;
			children = (
				DDF162B11E220FE900E46868 /* Stock */,
				0455CFFD1E1B848B000AC9F0 /* Book */,
			);
			path = Models;
			sourceTree = "<group>";
		};
		04DAC9701E0D0D3600D47DC6 /* Views */ = {
			isa = PBXGroup;
			children = (
				DDF162BE1E22285A00E46868 /* AlertView */,
				0455D0091E1BA614000AC9F0 /* TableView */,
			);
			path = Views;
			sourceTree = "<group>";
		};
		04DACB5F1E0D160500D47DC6 /* Base */ = {
			isa = PBXGroup;
			children = (
				04DACB651E0D165A00D47DC6 /* RBBaseNavigationController.h */,
				04DACB661E0D165A00D47DC6 /* RBBaseNavigationController.m */,
				DDD8BF841E179382000E10F7 /* RBTabBarController.h */,
				DDD8BF851E179382000E10F7 /* RBTabBarController.m */,
			);
			path = Base;
			sourceTree = "<group>";
		};
		8131058B9B2B6C7346605C7E /* Pods */ = {
			isa = PBXGroup;
			children = (
				9BAA9FA642AF66BCA4D35C9B /* Pods-ReadBook.debug.xcconfig */,
				C17E82C2B2CC83862C6AB19F /* Pods-ReadBook.release.xcconfig */,
			);
			name = Pods;
			sourceTree = "<group>";
		};
		C865A88CFA90BB6D1409CBD2 /* Frameworks */ = {
			isa = PBXGroup;
			children = (
				6882AD769D0A1CDC93DB523E /* libPods-ReadBook.a */,
			);
			name = Frameworks;
			sourceTree = "<group>";
		};
		DD8552811E2B25F9007AC40E /* RBAddOneStock */ = {
			isa = PBXGroup;
			children = (
				DD8552821E2B2625007AC40E /* RBAddOneStock.h */,
				DD8552831E2B2625007AC40E /* RBAddOneStock.m */,
				DD8552841E2B2625007AC40E /* RBAddOneStock.xib */,
			);
			path = RBAddOneStock;
			sourceTree = "<group>";
		};
		DDD8BF871E179414000E10F7 /* Defines */ = {
			isa = PBXGroup;
			children = (
				DDD8BF881E179431000E10F7 /* RBDefines.h */,
				DDD8BF891E179431000E10F7 /* RBHelperDefines.h */,
				DDD8BFA01E1796AE000E10F7 /* RBDesignDefines.h */,
			);
			path = Defines;
			sourceTree = "<group>";
		};
		DDD8BF8A1E17951A000E10F7 /* Novel */ = {
			isa = PBXGroup;
			children = (
				04861D541E26133600A09DE1 /* ReadNovel */,
				042898251E1E3EE10015258D /* SearchNovel */,
				DDD8BF9B1E17966A000E10F7 /* RBNovelVC.h */,
				DDD8BF9C1E17966A000E10F7 /* RBNovelVC.m */,
				DDD8BF9D1E17966A000E10F7 /* RBNovelVC.xib */,
			);
			path = Novel;
			sourceTree = "<group>";
		};
		DDD8BF8B1E179526000E10F7 /* Stock */ = {
			isa = PBXGroup;
			children = (
				DDD8BF961E179649000E10F7 /* RBStockVC.h */,
				DDD8BF971E179649000E10F7 /* RBStockVC.m */,
				DDD8BF981E179649000E10F7 /* RBStockVC.xib */,
				DD8552811E2B25F9007AC40E /* RBAddOneStock */,
			);
			path = Stock;
			sourceTree = "<group>";
		};
		DDD8BFA21E1798A0000E10F7 /* Resources */ = {
			isa = PBXGroup;
			children = (
				DDD8BFA31E17990F000E10F7 /* Localizable.strings */,
			);
			path = Resources;
			sourceTree = "<group>";
		};
		DDF162B11E220FE900E46868 /* Stock */ = {
			isa = PBXGroup;
			children = (
				DDF162B21E22106A00E46868 /* RBStock.h */,
				DDF162B31E22106A00E46868 /* RBStock.m */,
				DDF162BB1E221D4300E46868 /* RBStockDetail.h */,
				DDF162BC1E221D4300E46868 /* RBStockDetail.m */,
			);
			path = Stock;
			sourceTree = "<group>";
		};
		DDF162BE1E22285A00E46868 /* AlertView */ = {
			isa = PBXGroup;
			children = (
				DDF162BF1E22288E00E46868 /* RBStockEditView.h */,
				DDF162C01E22288E00E46868 /* RBStockEditView.m */,
			);
			path = AlertView;
			sourceTree = "<group>";
		};
		DDF642AA1E07E8DA00B2EA1B = {
			isa = PBXGroup;
			children = (
				DDF642B51E07E8DA00B2EA1B /* ReadBook */,
				DDF642B41E07E8DA00B2EA1B /* Products */,
				8131058B9B2B6C7346605C7E /* Pods */,
				C865A88CFA90BB6D1409CBD2 /* Frameworks */,
			);
			sourceTree = "<group>";
		};
		DDF642B41E07E8DA00B2EA1B /* Products */ = {
			isa = PBXGroup;
			children = (
				DDF642B31E07E8DA00B2EA1B /* ReadBook.app */,
			);
			name = Products;
			sourceTree = "<group>";
		};
		DDF642B51E07E8DA00B2EA1B /* ReadBook */ = {
			isa = PBXGroup;
			children = (
				DDD8BFA21E1798A0000E10F7 /* Resources */,
				04DAC9691E0D063500D47DC6 /* Utils */,
				04DAC9701E0D0D3600D47DC6 /* Views */,
				04DAC96F1E0D0D2C00D47DC6 /* Models */,
				04DAC96E1E0D0D2100D47DC6 /* Controllers */,
				DDF642B91E07E8DA00B2EA1B /* AppDelegate.h */,
				DDF642BA1E07E8DA00B2EA1B /* AppDelegate.m */,
				0411D1F41E165E9A0054951B /* RBAppContext.h */,
				0411D1F51E165E9A0054951B /* RBAppContext.m */,
				DDF642C21E07E8DA00B2EA1B /* Assets.xcassets */,
				DDF642C41E07E8DA00B2EA1B /* LaunchScreen.storyboard */,
				04DEC1241E124ED20052522A /* PrefixHeader.pch */,
				DDF642B61E07E8DA00B2EA1B /* Supporting Files */,
			);
			path = ReadBook;
			sourceTree = "<group>";
		};
		DDF642B61E07E8DA00B2EA1B /* Supporting Files */ = {
			isa = PBXGroup;
			children = (
				DDF642C71E07E8DA00B2EA1B /* Info.plist */,
				DDF642B71E07E8DA00B2EA1B /* main.m */,
			);
			name = "Supporting Files";
			sourceTree = "<group>";
		};
/* End PBXGroup section */

/* Begin PBXNativeTarget section */
		DDF642B21E07E8DA00B2EA1B /* ReadBook */ = {
			isa = PBXNativeTarget;
			buildConfigurationList = DDF642CA1E07E8DA00B2EA1B /* Build configuration list for PBXNativeTarget "ReadBook" */;
			buildPhases = (
				576C5F22BAB347111345A63F /* [CP] Check Pods Manifest.lock */,
				DDF642AF1E07E8DA00B2EA1B /* Sources */,
				DDF642B01E07E8DA00B2EA1B /* Frameworks */,
				DDF642B11E07E8DA00B2EA1B /* Resources */,
				77F9D18ACC4B22D431C04505 /* [CP] Embed Pods Frameworks */,
				755C2DAE648B8D2C5939C095 /* [CP] Copy Pods Resources */,
			);
			buildRules = (
			);
			dependencies = (
			);
			name = ReadBook;
			productName = ReadBook;
			productReference = DDF642B31E07E8DA00B2EA1B /* ReadBook.app */;
			productType = "com.apple.product-type.application";
		};
/* End PBXNativeTarget section */

/* Begin PBXProject section */
		DDF642AB1E07E8DA00B2EA1B /* Project object */ = {
			isa = PBXProject;
			attributes = {
				CLASSPREFIX = RB;
				LastUpgradeCheck = 0820;
				ORGANIZATIONNAME = "机智的静默( https://github.com/jizhidejingmo )";
				TargetAttributes = {
					DDF642B21E07E8DA00B2EA1B = {
						CreatedOnToolsVersion = 8.1;
						DevelopmentTeam = 6UARGHV5EB;
						ProvisioningStyle = Automatic;
					};
				};
			};
			buildConfigurationList = DDF642AE1E07E8DA00B2EA1B /* Build configuration list for PBXProject "ReadBook" */;
			compatibilityVersion = "Xcode 3.2";
			developmentRegion = English;
			hasScannedForEncodings = 0;
			knownRegions = (
				en,
				Base,
			);
			mainGroup = DDF642AA1E07E8DA00B2EA1B;
			productRefGroup = DDF642B41E07E8DA00B2EA1B /* Products */;
			projectDirPath = "";
			projectRoot = "";
			targets = (
				DDF642B21E07E8DA00B2EA1B /* ReadBook */,
			);
		};
/* End PBXProject section */

/* Begin PBXResourcesBuildPhase section */
		DDF642B11E07E8DA00B2EA1B /* Resources */ = {
			isa = PBXResourcesBuildPhase;
			buildActionMask = 2147483647;
			files = (
				0455D0111E1BA6BE000AC9F0 /* RBSearchBookCell.xib in Resources */,
				DDD8BFA41E17990F000E10F7 /* Localizable.strings in Resources */,
				DD85528B1E2B32CE007AC40E /* RBAddStockCell.xib in Resources */,
				DD8552861E2B2625007AC40E /* RBAddOneStock.xib in Resources */,
				DDF642C61E07E8DA00B2EA1B /* LaunchScreen.storyboard in Resources */,
				DDD8BF9A1E179649000E10F7 /* RBStockVC.xib in Resources */,
				042898391E1E567E0015258D /* RBNovelParticularsVC.xib in Resources */,
				0428982D1E1E3F9A0015258D /* RBSearchNovel.xib in Resources */,
				DDF642C31E07E8DA00B2EA1B /* Assets.xcassets in Resources */,
				DDD8BF9F1E17966A000E10F7 /* RBNovelVC.xib in Resources */,
			);
			runOnlyForDeploymentPostprocessing = 0;
		};
/* End PBXResourcesBuildPhase section */

/* Begin PBXShellScriptBuildPhase section */
		576C5F22BAB347111345A63F /* [CP] Check Pods Manifest.lock */ = {
			isa = PBXShellScriptBuildPhase;
			buildActionMask = 2147483647;
			files = (
			);
			inputPaths = (
			);
			name = "[CP] Check Pods Manifest.lock";
			outputPaths = (
			);
			runOnlyForDeploymentPostprocessing = 0;
			shellPath = /bin/sh;
			shellScript = "diff \"${PODS_ROOT}/../Podfile.lock\" \"${PODS_ROOT}/Manifest.lock\" > /dev/null\nif [ $? != 0 ] ; then\n    # print error to STDERR\n    echo \"error: The sandbox is not in sync with the Podfile.lock. Run 'pod install' or update your CocoaPods installation.\" >&2\n    exit 1\nfi\n";
			showEnvVarsInLog = 0;
		};
		755C2DAE648B8D2C5939C095 /* [CP] Copy Pods Resources */ = {
			isa = PBXShellScriptBuildPhase;
			buildActionMask = 2147483647;
			files = (
			);
			inputPaths = (
			);
			name = "[CP] Copy Pods Resources";
			outputPaths = (
			);
			runOnlyForDeploymentPostprocessing = 0;
			shellPath = /bin/sh;
			shellScript = "\"${SRCROOT}/Pods/Target Support Files/Pods-ReadBook/Pods-ReadBook-resources.sh\"\n";
			showEnvVarsInLog = 0;
		};
		77F9D18ACC4B22D431C04505 /* [CP] Embed Pods Frameworks */ = {
			isa = PBXShellScriptBuildPhase;
			buildActionMask = 2147483647;
			files = (
			);
			inputPaths = (
			);
			name = "[CP] Embed Pods Frameworks";
			outputPaths = (
			);
			runOnlyForDeploymentPostprocessing = 0;
			shellPath = /bin/sh;
			shellScript = "\"${SRCROOT}/Pods/Target Support Files/Pods-ReadBook/Pods-ReadBook-frameworks.sh\"\n";
			showEnvVarsInLog = 0;
		};
/* End PBXShellScriptBuildPhase section */

/* Begin PBXSourcesBuildPhase section */
		DDF642AF1E07E8DA00B2EA1B /* Sources */ = {
			isa = PBXSourcesBuildPhase;
			buildActionMask = 2147483647;
			files = (
				DDF162C41E22297E00E46868 /* UIView+RBFrame.m in Sources */,
				DDF162B41E22106A00E46868 /* RBStock.m in Sources */,
				DD85528E1E2B34E4007AC40E /* NSArray+RBArray.m in Sources */,
				DDF162C11E22288E00E46868 /* RBStockEditView.m in Sources */,
				DDD8BF9E1E17966A000E10F7 /* RBNovelVC.m in Sources */,
				DDF162BD1E221D4300E46868 /* RBStockDetail.m in Sources */,
				DDF642BB1E07E8DA00B2EA1B /* AppDelegate.m in Sources */,
				0455D0001E1B853A000AC9F0 /* RBBook.m in Sources */,
				DDD8BF991E179649000E10F7 /* RBStockVC.m in Sources */,
				DDF162BA1E22181400E46868 /* NSDate+RBDate.m in Sources */,
				DDF162C71E2245E600E46868 /* NSString+RBSandBoxPath.m in Sources */,
				04861D5A1E26383200A09DE1 /* RBChapter.m in Sources */,
				04E83E421E1CF44B006ED271 /* RBNovel.m in Sources */,
				DD85528A1E2B32CE007AC40E /* RBAddStockCell.m in Sources */,
				0455D0101E1BA6BE000AC9F0 /* RBSearchBookCell.m in Sources */,
				0455D0041E1B8CE0000AC9F0 /* NSObject+RBRuntime.m in Sources */,
				DDF642B81E07E8DA00B2EA1B /* main.m in Sources */,
				DD8552911E2B64D6007AC40E /* NSNumber+RBNumber.m in Sources */,
				0428982C1E1E3F9A0015258D /* RBSearchNovel.m in Sources */,
				04861D571E2615B300A09DE1 /* RBReadNovelVC.m in Sources */,
				0411D1F61E165E9A0054951B /* RBAppContext.m in Sources */,
				04DACB671E0D165A00D47DC6 /* RBBaseNavigationController.m in Sources */,
				DD8552851E2B2625007AC40E /* RBAddOneStock.m in Sources */,
				042898381E1E567E0015258D /* RBNovelParticularsVC.m in Sources */,
				DDD8BF861E179382000E10F7 /* RBTabBarController.m in Sources */,
			);
			runOnlyForDeploymentPostprocessing = 0;
		};
/* End PBXSourcesBuildPhase section */

/* Begin PBXVariantGroup section */
		DDF642C41E07E8DA00B2EA1B /* LaunchScreen.storyboard */ = {
			isa = PBXVariantGroup;
			children = (
				DDF642C51E07E8DA00B2EA1B /* Base */,
			);
			name = LaunchScreen.storyboard;
			sourceTree = "<group>";
		};
/* End PBXVariantGroup section */

/* Begin XCBuildConfiguration section */
		DDF642C81E07E8DA00B2EA1B /* Debug */ = {
			isa = XCBuildConfiguration;
			buildSettings = {
				ALWAYS_SEARCH_USER_PATHS = NO;
				CLANG_ANALYZER_LOCALIZABILITY_NONLOCALIZED = YES;
				CLANG_ANALYZER_NONNULL = YES;
				CLANG_CXX_LANGUAGE_STANDARD = "gnu++0x";
				CLANG_CXX_LIBRARY = "libc++";
				CLANG_ENABLE_MODULES = YES;
				CLANG_ENABLE_OBJC_ARC = YES;
				CLANG_WARN_BOOL_CONVERSION = YES;
				CLANG_WARN_CONSTANT_CONVERSION = YES;
				CLANG_WARN_DIRECT_OBJC_ISA_USAGE = YES_ERROR;
				CLANG_WARN_DOCUMENTATION_COMMENTS = YES;
				CLANG_WARN_EMPTY_BODY = YES;
				CLANG_WARN_ENUM_CONVERSION = YES;
				CLANG_WARN_INFINITE_RECURSION = YES;
				CLANG_WARN_INT_CONVERSION = YES;
				CLANG_WARN_OBJC_ROOT_CLASS = YES_ERROR;
				CLANG_WARN_SUSPICIOUS_MOVE = YES;
				CLANG_WARN_SUSPICIOUS_MOVES = YES;
				CLANG_WARN_UNREACHABLE_CODE = YES;
				CLANG_WARN__DUPLICATE_METHOD_MATCH = YES;
				"CODE_SIGN_IDENTITY[sdk=iphoneos*]" = "iPhone Developer";
				COPY_PHASE_STRIP = NO;
				DEBUG_INFORMATION_FORMAT = dwarf;
				ENABLE_STRICT_OBJC_MSGSEND = YES;
				ENABLE_TESTABILITY = YES;
				GCC_C_LANGUAGE_STANDARD = gnu99;
				GCC_DYNAMIC_NO_PIC = NO;
				GCC_NO_COMMON_BLOCKS = YES;
				GCC_OPTIMIZATION_LEVEL = 0;
				GCC_PREPROCESSOR_DEFINITIONS = (
					"DEBUG=1",
					"$(inherited)",
				);
				GCC_WARN_64_TO_32_BIT_CONVERSION = YES;
				GCC_WARN_ABOUT_RETURN_TYPE = YES_ERROR;
				GCC_WARN_UNDECLARED_SELECTOR = YES;
				GCC_WARN_UNINITIALIZED_AUTOS = YES_AGGRESSIVE;
				GCC_WARN_UNUSED_FUNCTION = YES;
				GCC_WARN_UNUSED_VARIABLE = YES;
				IPHONEOS_DEPLOYMENT_TARGET = 10.1;
				MTL_ENABLE_DEBUG_INFO = YES;
				ONLY_ACTIVE_ARCH = YES;
				SDKROOT = iphoneos;
			};
			name = Debug;
		};
		DDF642C91E07E8DA00B2EA1B /* Release */ = {
			isa = XCBuildConfiguration;
			buildSettings = {
				ALWAYS_SEARCH_USER_PATHS = NO;
				CLANG_ANALYZER_LOCALIZABILITY_NONLOCALIZED = YES;
				CLANG_ANALYZER_NONNULL = YES;
				CLANG_CXX_LANGUAGE_STANDARD = "gnu++0x";
				CLANG_CXX_LIBRARY = "libc++";
				CLANG_ENABLE_MODULES = YES;
				CLANG_ENABLE_OBJC_ARC = YES;
				CLANG_WARN_BOOL_CONVERSION = YES;
				CLANG_WARN_CONSTANT_CONVERSION = YES;
				CLANG_WARN_DIRECT_OBJC_ISA_USAGE = YES_ERROR;
				CLANG_WARN_DOCUMENTATION_COMMENTS = YES;
				CLANG_WARN_EMPTY_BODY = YES;
				CLANG_WARN_ENUM_CONVERSION = YES;
				CLANG_WARN_INFINITE_RECURSION = YES;
				CLANG_WARN_INT_CONVERSION = YES;
				CLANG_WARN_OBJC_ROOT_CLASS = YES_ERROR;
				CLANG_WARN_SUSPICIOUS_MOVE = YES;
				CLANG_WARN_SUSPICIOUS_MOVES = YES;
				CLANG_WARN_UNREACHABLE_CODE = YES;
				CLANG_WARN__DUPLICATE_METHOD_MATCH = YES;
				"CODE_SIGN_IDENTITY[sdk=iphoneos*]" = "iPhone Developer";
				COPY_PHASE_STRIP = NO;
				DEBUG_INFORMATION_FORMAT = "dwarf-with-dsym";
				ENABLE_NS_ASSERTIONS = NO;
				ENABLE_STRICT_OBJC_MSGSEND = YES;
				GCC_C_LANGUAGE_STANDARD = gnu99;
				GCC_NO_COMMON_BLOCKS = YES;
				GCC_WARN_64_TO_32_BIT_CONVERSION = YES;
				GCC_WARN_ABOUT_RETURN_TYPE = YES_ERROR;
				GCC_WARN_UNDECLARED_SELECTOR = YES;
				GCC_WARN_UNINITIALIZED_AUTOS = YES_AGGRESSIVE;
				GCC_WARN_UNUSED_FUNCTION = YES;
				GCC_WARN_UNUSED_VARIABLE = YES;
				IPHONEOS_DEPLOYMENT_TARGET = 10.1;
				MTL_ENABLE_DEBUG_INFO = NO;
				SDKROOT = iphoneos;
				VALIDATE_PRODUCT = YES;
			};
			name = Release;
		};
		DDF642CB1E07E8DA00B2EA1B /* Debug */ = {
			isa = XCBuildConfiguration;
			baseConfigurationReference = 9BAA9FA642AF66BCA4D35C9B /* Pods-ReadBook.debug.xcconfig */;
			buildSettings = {
				ASSETCATALOG_COMPILER_APPICON_NAME = AppIcon;
				"CODE_SIGN_IDENTITY[sdk=iphoneos*]" = "iPhone Developer";
				DEVELOPMENT_TEAM = 6UARGHV5EB;
				GCC_PREFIX_HEADER = "$(SRCROOT)/ReadBook/PrefixHeader.pch";
				INFOPLIST_FILE = ReadBook/Info.plist;
				IPHONEOS_DEPLOYMENT_TARGET = 8.0;
				LD_RUNPATH_SEARCH_PATHS = "$(inherited) @executable_path/Frameworks";
				PRODUCT_BUNDLE_IDENTIFIER = com.JM.ReadBook;
				PRODUCT_NAME = "$(TARGET_NAME)";
			};
			name = Debug;
		};
		DDF642CC1E07E8DA00B2EA1B /* Release */ = {
			isa = XCBuildConfiguration;
			baseConfigurationReference = C17E82C2B2CC83862C6AB19F /* Pods-ReadBook.release.xcconfig */;
			buildSettings = {
				ASSETCATALOG_COMPILER_APPICON_NAME = AppIcon;
				"CODE_SIGN_IDENTITY[sdk=iphoneos*]" = "iPhone Developer";
				DEVELOPMENT_TEAM = 6UARGHV5EB;
				GCC_PREFIX_HEADER = "$(SRCROOT)/ReadBook/PrefixHeader.pch";
				INFOPLIST_FILE = ReadBook/Info.plist;
				IPHONEOS_DEPLOYMENT_TARGET = 8.0;
				LD_RUNPATH_SEARCH_PATHS = "$(inherited) @executable_path/Frameworks";
				PRODUCT_BUNDLE_IDENTIFIER = com.JM.ReadBook;
				PRODUCT_NAME = "$(TARGET_NAME)";
			};
			name = Release;
		};
/* End XCBuildConfiguration section */

/* Begin XCConfigurationList section */
		DDF642AE1E07E8DA00B2EA1B /* Build configuration list for PBXProject "ReadBook" */ = {
			isa = XCConfigurationList;
			buildConfigurations = (
				DDF642C81E07E8DA00B2EA1B /* Debug */,
				DDF642C91E07E8DA00B2EA1B /* Release */,
			);
			defaultConfigurationIsVisible = 0;
			defaultConfigurationName = Release;
		};
		DDF642CA1E07E8DA00B2EA1B /* Build configuration list for PBXNativeTarget "ReadBook" */ = {
			isa = XCConfigurationList;
			buildConfigurations = (
				DDF642CB1E07E8DA00B2EA1B /* Debug */,
				DDF642CC1E07E8DA00B2EA1B /* Release */,
			);
			defaultConfigurationIsVisible = 0;
			defaultConfigurationName = Release;
		};
/* End XCConfigurationList section */
	};
	rootObject = DDF642AB1E07E8DA00B2EA1B /* Project object */;
}
